{
  "requires": true,
  "lockfileVersion": 1,
  "dependencies": {
    "react-app-rewired": {
      "version": "2.2.1",
      "resolved": "https://registry.npmmirror.com/react-app-rewired/-/react-app-rewired-2.2.1.tgz",
      "integrity": "sha512-uFQWTErXeLDrMzOJHKp0h8P1z0LV9HzPGsJ6adOtGlA/B9WfT6Shh4j2tLTTGlXOfiVx6w6iWpp7SOC5pvk+gA==",
      "dev": true,
      "requires": {
        "semver": "^5.6.0"
      }
    },
    "semver": {
      "version": "5.7.1",
      "resolved": "https://registry.npmmirror.com/semver/-/semver-5.7.1.tgz",
      "integrity": "sha512-sauaDf/PZdVgrLTNYHRtpXa1iRiKcaebiKQ1BJdpQlWH2lCvexQdX55snPFyK7QzpudqbCI0qXFfOasHdyNDGQ==",
      "dev": true
    }
  }
}
